
Microsoft Visual Studio Solution File, Format Version 12.00
Project("{FAE04EC0-301F-11D3-BF4B-00C04F79EFBC}") = "ServerlessRestApi.TodoFunction", "ServerlessRestApi.TodoFunction\ServerlessRestApi.TodoFunction.csproj", "{59DD6AF9-BE49-4372-8221-D5CD64D87CF9}"
EndProject
Global
	GlobalSection(SolutionConfigurationPlatforms) = preSolution
		Debug|Any CPU = Debug|Any CPU
		Release|Any CPU = Release|Any CPU
	EndGlobalSection
	GlobalSection(ProjectConfigurationPlatforms) = postSolution
		{59DD6AF9-BE49-4372-8221-D5CD64D87CF9}.Debug|Any CPU.ActiveCfg = Debug|Any CPU
		{59DD6AF9-BE49-4372-8221-D5CD64D87CF9}.Debug|Any CPU.Build.0 = Debug|Any CPU
		{59DD6AF9-BE49-4372-8221-D5CD64D87CF9}.Release|Any CPU.ActiveCfg = Release|Any CPU
		{59DD6AF9-BE49-4372-8221-D5CD64D87CF9}.Release|Any CPU.Build.0 = Release|Any CPU
	EndGlobalSection
EndGlobal
